{
    "intervention/image": {
        "version": "2.5.1"
    },
    "jzonta/faker-restaurant": {
        "version": "1.1.7"
    },
    "kjmtrue/vietnam-zone": {
        "version": "v1.0.0"
    },
    "laravel/helpers": {
        "version": "v1.3.0"
    },
    "laravel/ui": {
        "version": "v2.1.0"
    },
    "maatwebsite/excel": {
        "version": "3.1.21"
    },
    "maennchen/zipstream-php": {
        "version": "2.1.0"
    },
    "markbaker/complex": {
        "version": "1.4.8"
    },
    "markbaker/matrix": {
        "version": "1.2.0"
    },
    "myclabs/php-enum": {
        "version": "1.7.6"
    },
    "php": {
        "version": "7.2"
    },
    "phpoffice/phpspreadsheet": {
        "version": "1.14.1"
    },
    "psr/http-client": {
        "version": "1.0.1"
    },
    "psr/http-factory": {
        "version": "1.0.1"
    },
    "spatie/laravel-searchable": {
        "version": "1.7.0"
    },
    "staudenmeir/eloquent-has-many-deep": {
        "version": "v1.12"
    },
    "symfony/flex": {
        "version": "1.0",
        "recipe": {
            "repo": "github.com/symfony/recipes",
            "branch": "master",
            "version": "1.0",
            "ref": "c0eeb50665f0f77226616b6038a9b06c03752d8e"
        },
        "files": [
            "./.env"
        ]
    },
    "symfony/http-client-contracts": {
        "version": "v2.3.1"
    },
    "symfony/twig-bridge": {
        "version": "v5.1.3"
    },
    "unisharp/laravel-filemanager": {
        "version": "v2.1.0"
    }
}
